// !$*UTF8*$!
{
	archiveVersion = 1;
	classes = {
	};
	objectVersion = 48;
	objects = {

/* Begin PBXBuildFile section */
		40389ECD1F4C5E8200666725 /* SettingsController.swift in Sources */ = {isa = PBXBuildFile; fileRef = 40389ECC1F4C5E8200666725 /* SettingsController.swift */; };
		403D9F071F45B1A20071C351 /* RulerLine.swift in Sources */ = {isa = PBXBuildFile; fileRef = 403D9F061F45B0290071C351 /* RulerLine.swift */; };
		403D9F0B1F45B4120071C351 /* SCNVector3.swift in Sources */ = {isa = PBXBuildFile; fileRef = 403D9F0A1F45B3920071C351 /* SCNVector3.swift */; };
		403D9F0C1F45B4120071C351 /* ARSCNView.swift in Sources */ = {isa = PBXBuildFile; fileRef = 403D9F091F45B3860071C351 /* ARSCNView.swift */; };
		404A94931F4D9EE800EE5B0A /* ObjectsFoldersViewController.swift in Sources */ = {isa = PBXBuildFile; fileRef = 404A94921F4D9EE800EE5B0A /* ObjectsFoldersViewController.swift */; };
		408F90C81F4DC162008E1961 /* UserObjectRm.swift in Sources */ = {isa = PBXBuildFile; fileRef = 408F90C71F4DC162008E1961 /* UserObjectRm.swift */; };
		408F90CA1F4DC50A008E1961 /* GRDatabaseManager.swift in Sources */ = {isa = PBXBuildFile; fileRef = 408F90C91F4DC50A008E1961 /* GRDatabaseManager.swift */; };
		408F90CE1F4DCD9F008E1961 /* UserObjectViewCell.swift in Sources */ = {isa = PBXBuildFile; fileRef = 408F90CC1F4DCD9F008E1961 /* UserObjectViewCell.swift */; };
		408F90CF1F4DCD9F008E1961 /* UserObjectViewCell.xib in Resources */ = {isa = PBXBuildFile; fileRef = 408F90CD1F4DCD9F008E1961 /* UserObjectViewCell.xib */; };
		5F0A28FA4E972A6F894E9B57 /* Pods_BeaverRuler.framework in Frameworks */ = {isa = PBXBuildFile; fileRef = 22372F83198C26CFE1281F2C /* Pods_BeaverRuler.framework */; };
		D9B76E681F518F9E00823AF8 /* EditObjectViewController.swift in Sources */ = {isa = PBXBuildFile; fileRef = D9B76E671F518F9E00823AF8 /* EditObjectViewController.swift */; };
		D9E9195D1F43B30D00C480ED /* AppDelegate.swift in Sources */ = {isa = PBXBuildFile; fileRef = D9E9195C1F43B30D00C480ED /* AppDelegate.swift */; };
		D9E9195F1F43B30D00C480ED /* art.scnassets in Resources */ = {isa = PBXBuildFile; fileRef = D9E9195E1F43B30D00C480ED /* art.scnassets */; };
		D9E919611F43B30D00C480ED /* ViewController.swift in Sources */ = {isa = PBXBuildFile; fileRef = D9E919601F43B30D00C480ED /* ViewController.swift */; };
		D9E919641F43B30D00C480ED /* Main.storyboard in Resources */ = {isa = PBXBuildFile; fileRef = D9E919621F43B30D00C480ED /* Main.storyboard */; };
		D9E919661F43B30D00C480ED /* Assets.xcassets in Resources */ = {isa = PBXBuildFile; fileRef = D9E919651F43B30D00C480ED /* Assets.xcassets */; };
		D9E919691F43B30D00C480ED /* LaunchScreen.storyboard in Resources */ = {isa = PBXBuildFile; fileRef = D9E919671F43B30D00C480ED /* LaunchScreen.storyboard */; };
/* End PBXBuildFile section */

/* Begin PBXFileReference section */
		22372F83198C26CFE1281F2C /* Pods_BeaverRuler.framework */ = {isa = PBXFileReference; explicitFileType = wrapper.framework; includeInIndex = 0; path = Pods_BeaverRuler.framework; sourceTree = BUILT_PRODUCTS_DIR; };
		40389ECC1F4C5E8200666725 /* SettingsController.swift */ = {isa = PBXFileReference; lastKnownFileType = sourcecode.swift; path = SettingsController.swift; sourceTree = "<group>"; };
		403D9F061F45B0290071C351 /* RulerLine.swift */ = {isa = PBXFileReference; lastKnownFileType = sourcecode.swift; path = RulerLine.swift; sourceTree = "<group>"; };
		403D9F091F45B3860071C351 /* ARSCNView.swift */ = {isa = PBXFileReference; lastKnownFileType = sourcecode.swift; path = ARSCNView.swift; sourceTree = "<group>"; };
		403D9F0A1F45B3920071C351 /* SCNVector3.swift */ = {isa = PBXFileReference; lastKnownFileType = sourcecode.swift; path = SCNVector3.swift; sourceTree = "<group>"; };
		404A94921F4D9EE800EE5B0A /* ObjectsFoldersViewController.swift */ = {isa = PBXFileReference; lastKnownFileType = sourcecode.swift; path = ObjectsFoldersViewController.swift; sourceTree = "<group>"; };
		408F90C71F4DC162008E1961 /* UserObjectRm.swift */ = {isa = PBXFileReference; lastKnownFileType = sourcecode.swift; path = UserObjectRm.swift; sourceTree = "<group>"; };
		408F90C91F4DC50A008E1961 /* GRDatabaseManager.swift */ = {isa = PBXFileReference; lastKnownFileType = sourcecode.swift; path = GRDatabaseManager.swift; sourceTree = "<group>"; };
		408F90CC1F4DCD9F008E1961 /* UserObjectViewCell.swift */ = {isa = PBXFileReference; lastKnownFileType = sourcecode.swift; path = UserObjectViewCell.swift; sourceTree = "<group>"; };
		408F90CD1F4DCD9F008E1961 /* UserObjectViewCell.xib */ = {isa = PBXFileReference; lastKnownFileType = file.xib; path = UserObjectViewCell.xib; sourceTree = "<group>"; };
		40F22C6A058E444CFB671CE4 /* Pods-BeaverRuler.debug.xcconfig */ = {isa = PBXFileReference; includeInIndex = 1; lastKnownFileType = text.xcconfig; name = "Pods-BeaverRuler.debug.xcconfig"; path = "Pods/Target Support Files/Pods-BeaverRuler/Pods-BeaverRuler.debug.xcconfig"; sourceTree = "<group>"; };
		D9B76E671F518F9E00823AF8 /* EditObjectViewController.swift */ = {isa = PBXFileReference; lastKnownFileType = sourcecode.swift; path = EditObjectViewController.swift; sourceTree = "<group>"; };
		D9E919591F43B30D00C480ED /* BeaverRuler.app */ = {isa = PBXFileReference; explicitFileType = wrapper.application; includeInIndex = 0; path = BeaverRuler.app; sourceTree = BUILT_PRODUCTS_DIR; };
		D9E9195C1F43B30D00C480ED /* AppDelegate.swift */ = {isa = PBXFileReference; lastKnownFileType = sourcecode.swift; path = AppDelegate.swift; sourceTree = "<group>"; };
		D9E9195E1F43B30D00C480ED /* art.scnassets */ = {isa = PBXFileReference; lastKnownFileType = wrapper.scnassets; path = art.scnassets; sourceTree = "<group>"; };
		D9E919601F43B30D00C480ED /* ViewController.swift */ = {isa = PBXFileReference; lastKnownFileType = sourcecode.swift; path = ViewController.swift; sourceTree = "<group>"; };
		D9E919631F43B30D00C480ED /* Base */ = {isa = PBXFileReference; lastKnownFileType = file.storyboard; name = Base; path = Base.lproj/Main.storyboard; sourceTree = "<group>"; };
		D9E919651F43B30D00C480ED /* Assets.xcassets */ = {isa = PBXFileReference; lastKnownFileType = folder.assetcatalog; path = Assets.xcassets; sourceTree = "<group>"; };
		D9E919681F43B30D00C480ED /* Base */ = {isa = PBXFileReference; lastKnownFileType = file.storyboard; name = Base; path = Base.lproj/LaunchScreen.storyboard; sourceTree = "<group>"; };
		D9E9196A1F43B30D00C480ED /* Info.plist */ = {isa = PBXFileReference; lastKnownFileType = text.plist.xml; path = Info.plist; sourceTree = "<group>"; };
		FF3E2896BFA1BDF9E3DE279F /* Pods-BeaverRuler.release.xcconfig */ = {isa = PBXFileReference; includeInIndex = 1; lastKnownFileType = text.xcconfig; name = "Pods-BeaverRuler.release.xcconfig"; path = "Pods/Target Support Files/Pods-BeaverRuler/Pods-BeaverRuler.release.xcconfig"; sourceTree = "<group>"; };
/* End PBXFileReference section */

/* Begin PBXFrameworksBuildPhase section */
		D9E919561F43B30C00C480ED /* Frameworks */ = {
			isa = PBXFrameworksBuildPhase;
			buildActionMask = 2147483647;
			files = (
				5F0A28FA4E972A6F894E9B57 /* Pods_BeaverRuler.framework in Frameworks */,
			);
			runOnlyForDeploymentPostprocessing = 0;
		};
/* End PBXFrameworksBuildPhase section */

/* Begin PBXGroup section */
		403D9F031F45AFAE0071C351 /* Models */ = {
			isa = PBXGroup;
			children = (
				408F90C71F4DC162008E1961 /* UserObjectRm.swift */,
			);
			path = Models;
			sourceTree = "<group>";
		};
		403D9F041F45AFBC0071C351 /* Controllers */ = {
			isa = PBXGroup;
			children = (
				D9E919601F43B30D00C480ED /* ViewController.swift */,
				40389ECC1F4C5E8200666725 /* SettingsController.swift */,
				404A94921F4D9EE800EE5B0A /* ObjectsFoldersViewController.swift */,
				D9B76E671F518F9E00823AF8 /* EditObjectViewController.swift */,
			);
			path = Controllers;
			sourceTree = "<group>";
		};
		403D9F051F45AFC90071C351 /* Views */ = {
			isa = PBXGroup;
			children = (
				408F90CB1F4DC9D2008E1961 /* Cells */,
				403D9F061F45B0290071C351 /* RulerLine.swift */,
			);
			path = Views;
			sourceTree = "<group>";
		};
		403D9F081F45B3700071C351 /* Helpers */ = {
			isa = PBXGroup;
			children = (
				408F90C91F4DC50A008E1961 /* GRDatabaseManager.swift */,
				403D9F0A1F45B3920071C351 /* SCNVector3.swift */,
				403D9F091F45B3860071C351 /* ARSCNView.swift */,
			);
			path = Helpers;
			sourceTree = "<group>";
		};
		408F90CB1F4DC9D2008E1961 /* Cells */ = {
			isa = PBXGroup;
			children = (
				408F90CC1F4DCD9F008E1961 /* UserObjectViewCell.swift */,
				408F90CD1F4DCD9F008E1961 /* UserObjectViewCell.xib */,
			);
			path = Cells;
			sourceTree = "<group>";
		};
		9E8BA1A8B8290BF24E3578EE /* Pods */ = {
			isa = PBXGroup;
			children = (
				40F22C6A058E444CFB671CE4 /* Pods-BeaverRuler.debug.xcconfig */,
				FF3E2896BFA1BDF9E3DE279F /* Pods-BeaverRuler.release.xcconfig */,
			);
			name = Pods;
			sourceTree = "<group>";
		};
		C0ED6089D615ECBFB5A6977A /* Frameworks */ = {
			isa = PBXGroup;
			children = (
				22372F83198C26CFE1281F2C /* Pods_BeaverRuler.framework */,
			);
			name = Frameworks;
			sourceTree = "<group>";
		};
		D9E919501F43B30C00C480ED = {
			isa = PBXGroup;
			children = (
				D9E9195B1F43B30D00C480ED /* BeaverRuler */,
				D9E9195A1F43B30D00C480ED /* Products */,
				9E8BA1A8B8290BF24E3578EE /* Pods */,
				C0ED6089D615ECBFB5A6977A /* Frameworks */,
			);
			sourceTree = "<group>";
		};
		D9E9195A1F43B30D00C480ED /* Products */ = {
			isa = PBXGroup;
			children = (
				D9E919591F43B30D00C480ED /* BeaverRuler.app */,
			);
			name = Products;
			sourceTree = "<group>";
		};
		D9E9195B1F43B30D00C480ED /* BeaverRuler */ = {
			isa = PBXGroup;
			children = (
				403D9F081F45B3700071C351 /* Helpers */,
				403D9F051F45AFC90071C351 /* Views */,
				403D9F041F45AFBC0071C351 /* Controllers */,
				403D9F031F45AFAE0071C351 /* Models */,
				D9E9195C1F43B30D00C480ED /* AppDelegate.swift */,
				D9E9195E1F43B30D00C480ED /* art.scnassets */,
				D9E919621F43B30D00C480ED /* Main.storyboard */,
				D9E919651F43B30D00C480ED /* Assets.xcassets */,
				D9E919671F43B30D00C480ED /* LaunchScreen.storyboard */,
				D9E9196A1F43B30D00C480ED /* Info.plist */,
			);
			path = BeaverRuler;
			sourceTree = "<group>";
		};
/* End PBXGroup section */

/* Begin PBXNativeTarget section */
		D9E919581F43B30C00C480ED /* BeaverRuler */ = {
			isa = PBXNativeTarget;
			buildConfigurationList = D9E9196D1F43B30D00C480ED /* Build configuration list for PBXNativeTarget "BeaverRuler" */;
			buildPhases = (
				FA0CACB7041FA95AE0592961 /* [CP] Check Pods Manifest.lock */,
				D9E919551F43B30C00C480ED /* Sources */,
				D9E919561F43B30C00C480ED /* Frameworks */,
				D9E919571F43B30C00C480ED /* Resources */,
				DDC78893FF7AC648134FECC1 /* [CP] Embed Pods Frameworks */,
				A801F8F31597A6F4DFD0BCF2 /* [CP] Copy Pods Resources */,
			);
			buildRules = (
			);
			dependencies = (
			);
			name = BeaverRuler;
			productName = BeaverRuler;
			productReference = D9E919591F43B30D00C480ED /* BeaverRuler.app */;
			productType = "com.apple.product-type.application";
		};
/* End PBXNativeTarget section */

/* Begin PBXProject section */
		D9E919511F43B30C00C480ED /* Project object */ = {
			isa = PBXProject;
			attributes = {
				LastSwiftUpdateCheck = 0900;
				LastUpgradeCheck = 0900;
				ORGANIZATIONNAME = Sasha;
				TargetAttributes = {
					D9E919581F43B30C00C480ED = {
						CreatedOnToolsVersion = 9.0;
					};
				};
			};
			buildConfigurationList = D9E919541F43B30C00C480ED /* Build configuration list for PBXProject "BeaverRuler" */;
			compatibilityVersion = "Xcode 8.0";
			developmentRegion = en;
			hasScannedForEncodings = 0;
			knownRegions = (
				en,
				Base,
			);
			mainGroup = D9E919501F43B30C00C480ED;
			productRefGroup = D9E9195A1F43B30D00C480ED /* Products */;
			projectDirPath = "";
			projectRoot = "";
			targets = (
				D9E919581F43B30C00C480ED /* BeaverRuler */,
			);
		};
/* End PBXProject section */

/* Begin PBXResourcesBuildPhase section */
		D9E919571F43B30C00C480ED /* Resources */ = {
			isa = PBXResourcesBuildPhase;
			buildActionMask = 2147483647;
			files = (
				D9E9195F1F43B30D00C480ED /* art.scnassets in Resources */,
				D9E919691F43B30D00C480ED /* LaunchScreen.storyboard in Resources */,
				408F90CF1F4DCD9F008E1961 /* UserObjectViewCell.xib in Resources */,
				D9E919661F43B30D00C480ED /* Assets.xcassets in Resources */,
				D9E919641F43B30D00C480ED /* Main.storyboard in Resources */,
			);
			runOnlyForDeploymentPostprocessing = 0;
		};
/* End PBXResourcesBuildPhase section */

/* Begin PBXShellScriptBuildPhase section */
		A801F8F31597A6F4DFD0BCF2 /* [CP] Copy Pods Resources */ = {
			isa = PBXShellScriptBuildPhase;
			buildActionMask = 2147483647;
			files = (
			);
			inputPaths = (
				"${SRCROOT}/Pods/Target Support Files/Pods-BeaverRuler/Pods-BeaverRuler-resources.sh",
				"${PODS_ROOT}/Appodeal/Appodeal.bundle",
				"${PODS_ROOT}/Appodeal/APDStartAppAdapter.embeddedframework/Resources/StartApp.bundle",
				"${PODS_ROOT}/Appodeal/APDTwitterMoPubAdapter.embeddedframework/Resources/MPAdBrowserController.xib",
				"${PODS_ROOT}/Appodeal/APDTwitterMoPubAdapter.embeddedframework/Resources/MPCloseBtn.png",
				"${PODS_ROOT}/Appodeal/APDTwitterMoPubAdapter.embeddedframework/Resources/MPCloseBtn@2x.png",
				"${PODS_ROOT}/Appodeal/APDTwitterMoPubAdapter.embeddedframework/Resources/MPCloseBtn@3x.png",
				"${PODS_ROOT}/Appodeal/APDTwitterMoPubAdapter.embeddedframework/Resources/MPCloseButtonX.png",
				"${PODS_ROOT}/Appodeal/APDTwitterMoPubAdapter.embeddedframework/Resources/MPCloseButtonX@2x.png",
				"${PODS_ROOT}/Appodeal/APDTwitterMoPubAdapter.embeddedframework/Resources/MPCloseButtonX@3x.png",
				"${PODS_ROOT}/Appodeal/APDTwitterMoPubAdapter.embeddedframework/Resources/MPDAAIcon.png",
				"${PODS_ROOT}/Appodeal/APDTwitterMoPubAdapter.embeddedframework/Resources/MPDAAIcon@2x.png",
				"${PODS_ROOT}/Appodeal/APDTwitterMoPubAdapter.embeddedframework/Resources/MPDAAIcon@3x.png",
				"${PODS_ROOT}/Appodeal/APDTwitterMoPubAdapter.embeddedframework/Resources/MPMutedBtn.png",
				"${PODS_ROOT}/Appodeal/APDTwitterMoPubAdapter.embeddedframework/Resources/MPMutedBtn@2x.png",
				"${PODS_ROOT}/Appodeal/APDTwitterMoPubAdapter.embeddedframework/Resources/MPMutedBtn@3x.png",
				"${PODS_ROOT}/Appodeal/APDTwitterMoPubAdapter.embeddedframework/Resources/MPPlayBtn.png",
				"${PODS_ROOT}/Appodeal/APDTwitterMoPubAdapter.embeddedframework/Resources/MPPlayBtn@2x.png",
				"${PODS_ROOT}/Appodeal/APDTwitterMoPubAdapter.embeddedframework/Resources/MPPlayBtn@3x.png",
				"${PODS_ROOT}/Appodeal/APDTwitterMoPubAdapter.embeddedframework/Resources/MPUnmutedBtn.png",
				"${PODS_ROOT}/Appodeal/APDTwitterMoPubAdapter.embeddedframework/Resources/MPUnmutedBtn@2x.png",
				"${PODS_ROOT}/Appodeal/APDTwitterMoPubAdapter.embeddedframework/Resources/MPUnmutedBtn@3x.png",
				"${PODS_ROOT}/Appodeal/APDTwitterMoPubAdapter.embeddedframework/Resources/MRAID.bundle",
			);
			name = "[CP] Copy Pods Resources";
			outputPaths = (
				"${TARGET_BUILD_DIR}/${UNLOCALIZED_RESOURCES_FOLDER_PATH}",
			);
			runOnlyForDeploymentPostprocessing = 0;
			shellPath = /bin/sh;
			shellScript = "\"${SRCROOT}/Pods/Target Support Files/Pods-BeaverRuler/Pods-BeaverRuler-resources.sh\"\n";
			showEnvVarsInLog = 0;
		};
		DDC78893FF7AC648134FECC1 /* [CP] Embed Pods Frameworks */ = {
			isa = PBXShellScriptBuildPhase;
			buildActionMask = 2147483647;
			files = (
			);
			inputPaths = (
				"${SRCROOT}/Pods/Target Support Files/Pods-BeaverRuler/Pods-BeaverRuler-frameworks.sh",
				"${BUILT_PRODUCTS_DIR}/Realm/Realm.framework",
				"${BUILT_PRODUCTS_DIR}/RealmSwift/RealmSwift.framework",
			);
			name = "[CP] Embed Pods Frameworks";
			outputPaths = (
				"${TARGET_BUILD_DIR}/${FRAMEWORKS_FOLDER_PATH}/Realm.framework",
				"${TARGET_BUILD_DIR}/${FRAMEWORKS_FOLDER_PATH}/RealmSwift.framework",
			);
			runOnlyForDeploymentPostprocessing = 0;
			shellPath = /bin/sh;
			shellScript = "\"${SRCROOT}/Pods/Target Support Files/Pods-BeaverRuler/Pods-BeaverRuler-frameworks.sh\"\n";
			showEnvVarsInLog = 0;
		};
		FA0CACB7041FA95AE0592961 /* [CP] Check Pods Manifest.lock */ = {
			isa = PBXShellScriptBuildPhase;
			buildActionMask = 2147483647;
			files = (
			);
			inputPaths = (
				"${PODS_PODFILE_DIR_PATH}/Podfile.lock",
				"${PODS_ROOT}/Manifest.lock",
			);
			name = "[CP] Check Pods Manifest.lock";
			outputPaths = (
				"$(DERIVED_FILE_DIR)/Pods-BeaverRuler-checkManifestLockResult.txt",
			);
			runOnlyForDeploymentPostprocessing = 0;
			shellPath = /bin/sh;
			shellScript = "diff \"${PODS_PODFILE_DIR_PATH}/Podfile.lock\" \"${PODS_ROOT}/Manifest.lock\" > /dev/null\nif [ $? != 0 ] ; then\n    # print error to STDERR\n    echo \"error: The sandbox is not in sync with the Podfile.lock. Run 'pod install' or update your CocoaPods installation.\" >&2\n    exit 1\nfi\n# This output is used by Xcode 'outputs' to avoid re-running this script phase.\necho \"SUCCESS\" > \"${SCRIPT_OUTPUT_FILE_0}\"\n";
			showEnvVarsInLog = 0;
		};
/* End PBXShellScriptBuildPhase section */

/* Begin PBXSourcesBuildPhase section */
		D9E919551F43B30C00C480ED /* Sources */ = {
			isa = PBXSourcesBuildPhase;
			buildActionMask = 2147483647;
			files = (
				40389ECD1F4C5E8200666725 /* SettingsController.swift in Sources */,
				404A94931F4D9EE800EE5B0A /* ObjectsFoldersViewController.swift in Sources */,
				408F90CA1F4DC50A008E1961 /* GRDatabaseManager.swift in Sources */,
				408F90C81F4DC162008E1961 /* UserObjectRm.swift in Sources */,
				403D9F071F45B1A20071C351 /* RulerLine.swift in Sources */,
				D9B76E681F518F9E00823AF8 /* EditObjectViewController.swift in Sources */,
				403D9F0B1F45B4120071C351 /* SCNVector3.swift in Sources */,
				403D9F0C1F45B4120071C351 /* ARSCNView.swift in Sources */,
				D9E919611F43B30D00C480ED /* ViewController.swift in Sources */,
				408F90CE1F4DCD9F008E1961 /* UserObjectViewCell.swift in Sources */,
				D9E9195D1F43B30D00C480ED /* AppDelegate.swift in Sources */,
			);
			runOnlyForDeploymentPostprocessing = 0;
		};
/* End PBXSourcesBuildPhase section */

/* Begin PBXVariantGroup section */
		D9E919621F43B30D00C480ED /* Main.storyboard */ = {
			isa = PBXVariantGroup;
			children = (
				D9E919631F43B30D00C480ED /* Base */,
			);
			name = Main.storyboard;
			sourceTree = "<group>";
		};
		D9E919671F43B30D00C480ED /* LaunchScreen.storyboard */ = {
			isa = PBXVariantGroup;
			children = (
				D9E919681F43B30D00C480ED /* Base */,
			);
			name = LaunchScreen.storyboard;
			sourceTree = "<group>";
		};
/* End PBXVariantGroup section */

/* Begin XCBuildConfiguration section */
		D9E9196B1F43B30D00C480ED /* Debug */ = {
			isa = XCBuildConfiguration;
			buildSettings = {
				ALWAYS_SEARCH_USER_PATHS = NO;
				CLANG_ANALYZER_NONNULL = YES;
				CLANG_ANALYZER_NUMBER_OBJECT_CONVERSION = YES_AGGRESSIVE;
				CLANG_CXX_LANGUAGE_STANDARD = "gnu++14";
				CLANG_CXX_LIBRARY = "libc++";
				CLANG_ENABLE_MODULES = YES;
				CLANG_ENABLE_OBJC_ARC = YES;
				CLANG_WARN_BLOCK_CAPTURE_AUTORELEASING = YES;
				CLANG_WARN_BOOL_CONVERSION = YES;
				CLANG_WARN_COMMA = YES;
				CLANG_WARN_CONSTANT_CONVERSION = YES;
				CLANG_WARN_DIRECT_OBJC_ISA_USAGE = YES_ERROR;
				CLANG_WARN_DOCUMENTATION_COMMENTS = YES;
				CLANG_WARN_EMPTY_BODY = YES;
				CLANG_WARN_ENUM_CONVERSION = YES;
				CLANG_WARN_INFINITE_RECURSION = YES;
				CLANG_WARN_INT_CONVERSION = YES;
				CLANG_WARN_NON_LITERAL_NULL_CONVERSION = YES;
				CLANG_WARN_OBJC_LITERAL_CONVERSION = YES;
				CLANG_WARN_OBJC_ROOT_CLASS = YES_ERROR;
				CLANG_WARN_RANGE_LOOP_ANALYSIS = YES;
				CLANG_WARN_STRICT_PROTOTYPES = YES;
				CLANG_WARN_SUSPICIOUS_MOVE = YES;
				CLANG_WARN_UNGUARDED_AVAILABILITY = YES_AGGRESSIVE;
				CLANG_WARN_UNREACHABLE_CODE = YES;
				CLANG_WARN__DUPLICATE_METHOD_MATCH = YES;
				CODE_SIGN_IDENTITY = "iPhone Developer";
				COPY_PHASE_STRIP = NO;
				DEBUG_INFORMATION_FORMAT = dwarf;
				ENABLE_BITCODE = NO;
				ENABLE_STRICT_OBJC_MSGSEND = YES;
				ENABLE_TESTABILITY = YES;
				GCC_C_LANGUAGE_STANDARD = gnu11;
				GCC_DYNAMIC_NO_PIC = NO;
				GCC_NO_COMMON_BLOCKS = YES;
				GCC_OPTIMIZATION_LEVEL = 0;
				GCC_PREPROCESSOR_DEFINITIONS = (
					"DEBUG=1",
					"$(inherited)",
				);
				GCC_WARN_64_TO_32_BIT_CONVERSION = YES;
				GCC_WARN_ABOUT_RETURN_TYPE = YES_ERROR;
				GCC_WARN_UNDECLARED_SELECTOR = YES;
				GCC_WARN_UNINITIALIZED_AUTOS = YES_AGGRESSIVE;
				GCC_WARN_UNUSED_FUNCTION = YES;
				GCC_WARN_UNUSED_VARIABLE = YES;
				IPHONEOS_DEPLOYMENT_TARGET = 11.0;
				MTL_ENABLE_DEBUG_INFO = YES;
				ONLY_ACTIVE_ARCH = YES;
				SDKROOT = iphoneos;
				SWIFT_ACTIVE_COMPILATION_CONDITIONS = DEBUG;
				SWIFT_OPTIMIZATION_LEVEL = "-Onone";
			};
			name = Debug;
		};
		D9E9196C1F43B30D00C480ED /* Release */ = {
			isa = XCBuildConfiguration;
			buildSettings = {
				ALWAYS_SEARCH_USER_PATHS = NO;
				CLANG_ANALYZER_NONNULL = YES;
				CLANG_ANALYZER_NUMBER_OBJECT_CONVERSION = YES_AGGRESSIVE;
				CLANG_CXX_LANGUAGE_STANDARD = "gnu++14";
				CLANG_CXX_LIBRARY = "libc++";
				CLANG_ENABLE_MODULES = YES;
				CLANG_ENABLE_OBJC_ARC = YES;
				CLANG_WARN_BLOCK_CAPTURE_AUTORELEASING = YES;
				CLANG_WARN_BOOL_CONVERSION = YES;
				CLANG_WARN_COMMA = YES;
				CLANG_WARN_CONSTANT_CONVERSION = YES;
				CLANG_WARN_DIRECT_OBJC_ISA_USAGE = YES_ERROR;
				CLANG_WARN_DOCUMENTATION_COMMENTS = YES;
				CLANG_WARN_EMPTY_BODY = YES;
				CLANG_WARN_ENUM_CONVERSION = YES;
				CLANG_WARN_INFINITE_RECURSION = YES;
				CLANG_WARN_INT_CONVERSION = YES;
				CLANG_WARN_NON_LITERAL_NULL_CONVERSION = YES;
				CLANG_WARN_OBJC_LITERAL_CONVERSION = YES;
				CLANG_WARN_OBJC_ROOT_CLASS = YES_ERROR;
				CLANG_WARN_RANGE_LOOP_ANALYSIS = YES;
				CLANG_WARN_STRICT_PROTOTYPES = YES;
				CLANG_WARN_SUSPICIOUS_MOVE = YES;
				CLANG_WARN_UNGUARDED_AVAILABILITY = YES_AGGRESSIVE;
				CLANG_WARN_UNREACHABLE_CODE = YES;
				CLANG_WARN__DUPLICATE_METHOD_MATCH = YES;
				CODE_SIGN_IDENTITY = "iPhone Developer";
				COPY_PHASE_STRIP = NO;
				DEBUG_INFORMATION_FORMAT = "dwarf-with-dsym";
				ENABLE_BITCODE = NO;
				ENABLE_NS_ASSERTIONS = NO;
				ENABLE_STRICT_OBJC_MSGSEND = YES;
				GCC_C_LANGUAGE_STANDARD = gnu11;
				GCC_NO_COMMON_BLOCKS = YES;
				GCC_WARN_64_TO_32_BIT_CONVERSION = YES;
				GCC_WARN_ABOUT_RETURN_TYPE = YES_ERROR;
				GCC_WARN_UNDECLARED_SELECTOR = YES;
				GCC_WARN_UNINITIALIZED_AUTOS = YES_AGGRESSIVE;
				GCC_WARN_UNUSED_FUNCTION = YES;
				GCC_WARN_UNUSED_VARIABLE = YES;
				IPHONEOS_DEPLOYMENT_TARGET = 11.0;
				MTL_ENABLE_DEBUG_INFO = NO;
				SDKROOT = iphoneos;
				SWIFT_OPTIMIZATION_LEVEL = "-Owholemodule";
				VALIDATE_PRODUCT = YES;
			};
			name = Release;
		};
		D9E9196E1F43B30D00C480ED /* Debug */ = {
			isa = XCBuildConfiguration;
			baseConfigurationReference = 40F22C6A058E444CFB671CE4 /* Pods-BeaverRuler.debug.xcconfig */;
			buildSettings = {
				ASSETCATALOG_COMPILER_APPICON_NAME = AppIcon;
				DEVELOPMENT_TEAM = NYJEFU8C25;
				INFOPLIST_FILE = BeaverRuler/Info.plist;
				LD_RUNPATH_SEARCH_PATHS = "$(inherited) @executable_path/Frameworks";
				PRODUCT_BUNDLE_IDENTIFIER = comDarkWind.GRuler;
				PRODUCT_NAME = "$(TARGET_NAME)";
				SWIFT_VERSION = 4.0;
				TARGETED_DEVICE_FAMILY = "1,2";
			};
			name = Debug;
		};
		D9E9196F1F43B30D00C480ED /* Release */ = {
			isa = XCBuildConfiguration;
			baseConfigurationReference = FF3E2896BFA1BDF9E3DE279F /* Pods-BeaverRuler.release.xcconfig */;
			buildSettings = {
				ASSETCATALOG_COMPILER_APPICON_NAME = AppIcon;
				DEVELOPMENT_TEAM = NYJEFU8C25;
				INFOPLIST_FILE = BeaverRuler/Info.plist;
				LD_RUNPATH_SEARCH_PATHS = "$(inherited) @executable_path/Frameworks";
				PRODUCT_BUNDLE_IDENTIFIER = comDarkWind.GRuler;
				PRODUCT_NAME = "$(TARGET_NAME)";
				SWIFT_VERSION = 4.0;
				TARGETED_DEVICE_FAMILY = "1,2";
			};
			name = Release;
		};
/* End XCBuildConfiguration section */

/* Begin XCConfigurationList section */
		D9E919541F43B30C00C480ED /* Build configuration list for PBXProject "BeaverRuler" */ = {
			isa = XCConfigurationList;
			buildConfigurations = (
				D9E9196B1F43B30D00C480ED /* Debug */,
				D9E9196C1F43B30D00C480ED /* Release */,
			);
			defaultConfigurationIsVisible = 0;
			defaultConfigurationName = Release;
		};
		D9E9196D1F43B30D00C480ED /* Build configuration list for PBXNativeTarget "BeaverRuler" */ = {
			isa = XCConfigurationList;
			buildConfigurations = (
				D9E9196E1F43B30D00C480ED /* Debug */,
				D9E9196F1F43B30D00C480ED /* Release */,
			);
			defaultConfigurationIsVisible = 0;
			defaultConfigurationName = Release;
		};
/* End XCConfigurationList section */
	};
	rootObject = D9E919511F43B30C00C480ED /* Project object */;
}
